// !$*UTF8*$!
{
	archiveVersion = 1;
	classes = {
	};
	objectVersion = 56;
	objects = {

/* Begin PBXBuildFile section */
		C0704E2B2AD682D200C88461 /* RealityKitContent in Frameworks */ = {isa = PBXBuildFile; productRef = C0704E2A2AD682D200C88461 /* RealityKitContent */; };
		C0704E2D2AD682D200C88461 /* SkyboxTestApp.swift in Sources */ = {isa = PBXBuildFile; fileRef = C0704E2C2AD682D200C88461 /* SkyboxTestApp.swift */; };
		C0704E2F2AD682D200C88461 /* ContentView.swift in Sources */ = {isa = PBXBuildFile; fileRef = C0704E2E2AD682D200C88461 /* ContentView.swift */; };
		C0704E312AD682D200C88461 /* ImmersiveView.swift in Sources */ = {isa = PBXBuildFile; fileRef = C0704E302AD682D200C88461 /* ImmersiveView.swift */; };
		C0704E332AD682D200C88461 /* ImageBasedLighting.skybox in Resources */ = {isa = PBXBuildFile; fileRef = C0704E322AD682D200C88461 /* ImageBasedLighting.skybox */; };
		C0704E352AD682D400C88461 /* Assets.xcassets in Resources */ = {isa = PBXBuildFile; fileRef = C0704E342AD682D400C88461 /* Assets.xcassets */; };
		C0704E382AD682D400C88461 /* Preview Assets.xcassets in Resources */ = {isa = PBXBuildFile; fileRef = C0704E372AD682D400C88461 /* Preview Assets.xcassets */; };
		C0704E422AD6878F00C88461 /* Earth.usdz in Resources */ = {isa = PBXBuildFile; fileRef = C0704E412AD6878F00C88461 /* Earth.usdz */; };
/* End PBXBuildFile section */

/* Begin PBXFileReference section */
		C0704E252AD682D200C88461 /* Skybox Test.app */ = {isa = PBXFileReference; explicitFileType = wrapper.application; includeInIndex = 0; path = "Skybox Test.app"; sourceTree = BUILT_PRODUCTS_DIR; };
		C0704E292AD682D200C88461 /* RealityKitContent */ = {isa = PBXFileReference; lastKnownFileType = wrapper; path = RealityKitContent; sourceTree = "<group>"; };
		C0704E2C2AD682D200C88461 /* SkyboxTestApp.swift */ = {isa = PBXFileReference; lastKnownFileType = sourcecode.swift; path = SkyboxTestApp.swift; sourceTree = "<group>"; };
		C0704E2E2AD682D200C88461 /* ContentView.swift */ = {isa = PBXFileReference; lastKnownFileType = sourcecode.swift; path = ContentView.swift; sourceTree = "<group>"; };
		C0704E302AD682D200C88461 /* ImmersiveView.swift */ = {isa = PBXFileReference; lastKnownFileType = sourcecode.swift; path = ImmersiveView.swift; sourceTree = "<group>"; };
		C0704E322AD682D200C88461 /* ImageBasedLighting.skybox */ = {isa = PBXFileReference; lastKnownFileType = file.skybox; path = ImageBasedLighting.skybox; sourceTree = "<group>"; };
		C0704E342AD682D400C88461 /* Assets.xcassets */ = {isa = PBXFileReference; lastKnownFileType = folder.assetcatalog; path = Assets.xcassets; sourceTree = "<group>"; };
		C0704E372AD682D400C88461 /* Preview Assets.xcassets */ = {isa = PBXFileReference; lastKnownFileType = folder.assetcatalog; path = "Preview Assets.xcassets"; sourceTree = "<group>"; };
		C0704E392AD682D400C88461 /* Info.plist */ = {isa = PBXFileReference; lastKnownFileType = text.plist.xml; path = Info.plist; sourceTree = "<group>"; };
		C0704E412AD6878F00C88461 /* Earth.usdz */ = {isa = PBXFileReference; lastKnownFileType = file.usdz; path = Earth.usdz; sourceTree = "<group>"; };
/* End PBXFileReference section */

/* Begin PBXFrameworksBuildPhase section */
		C0704E222AD682D200C88461 /* Frameworks */ = {
			isa = PBXFrameworksBuildPhase;
			buildActionMask = 2147483647;
			files = (
				C0704E2B2AD682D200C88461 /* RealityKitContent in Frameworks */,
			);
			runOnlyForDeploymentPostprocessing = 0;
		};
/* End PBXFrameworksBuildPhase section */

/* Begin PBXGroup section */
		C0704E1C2AD682D200C88461 = {
			isa = PBXGroup;
			children = (
				C0704E272AD682D200C88461 /* Skybox Test */,
				C0704E282AD682D200C88461 /* Packages */,
				C0704E262AD682D200C88461 /* Products */,
			);
			sourceTree = "<group>";
		};
		C0704E262AD682D200C88461 /* Products */ = {
			isa = PBXGroup;
			children = (
				C0704E252AD682D200C88461 /* Skybox Test.app */,
			);
			name = Products;
			sourceTree = "<group>";
		};
		C0704E272AD682D200C88461 /* Skybox Test */ = {
			isa = PBXGroup;
			children = (
				C0704E412AD6878F00C88461 /* Earth.usdz */,
				C0704E2C2AD682D200C88461 /* SkyboxTestApp.swift */,
				C0704E2E2AD682D200C88461 /* ContentView.swift */,
				C0704E302AD682D200C88461 /* ImmersiveView.swift */,
				C0704E322AD682D200C88461 /* ImageBasedLighting.skybox */,
				C0704E342AD682D400C88461 /* Assets.xcassets */,
				C0704E392AD682D400C88461 /* Info.plist */,
				C0704E362AD682D400C88461 /* Preview Content */,
			);
			path = "Skybox Test";
			sourceTree = "<group>";
		};
		C0704E282AD682D200C88461 /* Packages */ = {
			isa = PBXGroup;
			children = (
				C0704E292AD682D200C88461 /* RealityKitContent */,
			);
			path = Packages;
			sourceTree = "<group>";
		};
		C0704E362AD682D400C88461 /* Preview Content */ = {
			isa = PBXGroup;
			children = (
				C0704E372AD682D400C88461 /* Preview Assets.xcassets */,
			);
			path = "Preview Content";
			sourceTree = "<group>";
		};
/* End PBXGroup section */

/* Begin PBXNativeTarget section */
		C0704E242AD682D200C88461 /* Skybox Test */ = {
			isa = PBXNativeTarget;
			buildConfigurationList = C0704E3C2AD682D400C88461 /* Build configuration list for PBXNativeTarget "Skybox Test" */;
			buildPhases = (
				C0704E212AD682D200C88461 /* Sources */,
				C0704E222AD682D200C88461 /* Frameworks */,
				C0704E232AD682D200C88461 /* Resources */,
			);
			buildRules = (
			);
			dependencies = (
			);
			name = "Skybox Test";
			packageProductDependencies = (
				C0704E2A2AD682D200C88461 /* RealityKitContent */,
			);
			productName = "Skybox Test";
			productReference = C0704E252AD682D200C88461 /* Skybox Test.app */;
			productType = "com.apple.product-type.application";
		};
/* End PBXNativeTarget section */

/* Begin PBXProject section */
		C0704E1D2AD682D200C88461 /* Project object */ = {
			isa = PBXProject;
			attributes = {
				BuildIndependentTargetsInParallel = 1;
				LastSwiftUpdateCheck = 1500;
				LastUpgradeCheck = 1500;
				TargetAttributes = {
					C0704E242AD682D200C88461 = {
						CreatedOnToolsVersion = 15.0;
					};
				};
			};
			buildConfigurationList = C0704E202AD682D200C88461 /* Build configuration list for PBXProject "Skybox Test" */;
			compatibilityVersion = "Xcode 14.0";
			developmentRegion = en;
			hasScannedForEncodings = 0;
			knownRegions = (
				en,
				Base,
			);
			mainGroup = C0704E1C2AD682D200C88461;
			productRefGroup = C0704E262AD682D200C88461 /* Products */;
			projectDirPath = "";
			projectRoot = "";
			targets = (
				C0704E242AD682D200C88461 /* Skybox Test */,
			);
		};
/* End PBXProject section */

/* Begin PBXResourcesBuildPhase section */
		C0704E232AD682D200C88461 /* Resources */ = {
			isa = PBXResourcesBuildPhase;
			buildActionMask = 2147483647;
			files = (
				C0704E422AD6878F00C88461 /* Earth.usdz in Resources */,
				C0704E352AD682D400C88461 /* Assets.xcassets in Resources */,
				C0704E382AD682D400C88461 /* Preview Assets.xcassets in Resources */,
				C0704E332AD682D200C88461 /* ImageBasedLighting.skybox in Resources */,
			);
			runOnlyForDeploymentPostprocessing = 0;
		};
/* End PBXResourcesBuildPhase section */

/* Begin PBXSourcesBuildPhase section */
		C0704E212AD682D200C88461 /* Sources */ = {
			isa = PBXSourcesBuildPhase;
			buildActionMask = 2147483647;
			files = (
				C0704E2F2AD682D200C88461 /* ContentView.swift in Sources */,
				C0704E2D2AD682D200C88461 /* SkyboxTestApp.swift in Sources */,
				C0704E312AD682D200C88461 /* ImmersiveView.swift in Sources */,
			);
			runOnlyForDeploymentPostprocessing = 0;
		};
/* End PBXSourcesBuildPhase section */

/* Begin XCBuildConfiguration section */
		C0704E3A2AD682D400C88461 /* Debug */ = {
			isa = XCBuildConfiguration;
			buildSettings = {
				ALWAYS_SEARCH_USER_PATHS = NO;
				ASSETCATALOG_COMPILER_GENERATE_SWIFT_ASSET_SYMBOL_EXTENSIONS = YES;
				CLANG_ANALYZER_NONNULL = YES;
				CLANG_ANALYZER_NUMBER_OBJECT_CONVERSION = YES_AGGRESSIVE;
				CLANG_CXX_LANGUAGE_STANDARD = "gnu++20";
				CLANG_ENABLE_MODULES = YES;
				CLANG_ENABLE_OBJC_ARC = YES;
				CLANG_ENABLE_OBJC_WEAK = YES;
				CLANG_WARN_BLOCK_CAPTURE_AUTORELEASING = YES;
				CLANG_WARN_BOOL_CONVERSION = YES;
				CLANG_WARN_COMMA = YES;
				CLANG_WARN_CONSTANT_CONVERSION = YES;
				CLANG_WARN_DEPRECATED_OBJC_IMPLEMENTATIONS = YES;
				CLANG_WARN_DIRECT_OBJC_ISA_USAGE = YES_ERROR;
				CLANG_WARN_DOCUMENTATION_COMMENTS = YES;
				CLANG_WARN_EMPTY_BODY = YES;
				CLANG_WARN_ENUM_CONVERSION = YES;
				CLANG_WARN_INFINITE_RECURSION = YES;
				CLANG_WARN_INT_CONVERSION = YES;
				CLANG_WARN_NON_LITERAL_NULL_CONVERSION = YES;
				CLANG_WARN_OBJC_IMPLICIT_RETAIN_SELF = YES;
				CLANG_WARN_OBJC_LITERAL_CONVERSION = YES;
				CLANG_WARN_OBJC_ROOT_CLASS = YES_ERROR;
				CLANG_WARN_QUOTED_INCLUDE_IN_FRAMEWORK_HEADER = YES;
				CLANG_WARN_RANGE_LOOP_ANALYSIS = YES;
				CLANG_WARN_STRICT_PROTOTYPES = YES;
				CLANG_WARN_SUSPICIOUS_MOVE = YES;
				CLANG_WARN_UNGUARDED_AVAILABILITY = YES_AGGRESSIVE;
				CLANG_WARN_UNREACHABLE_CODE = YES;
				CLANG_WARN__DUPLICATE_METHOD_MATCH = YES;
				COPY_PHASE_STRIP = NO;
				DEBUG_INFORMATION_FORMAT = dwarf;
				ENABLE_STRICT_OBJC_MSGSEND = YES;
				ENABLE_TESTABILITY = YES;
				ENABLE_USER_SCRIPT_SANDBOXING = YES;
				GCC_C_LANGUAGE_STANDARD = gnu17;
				GCC_DYNAMIC_NO_PIC = NO;
				GCC_NO_COMMON_BLOCKS = YES;
				GCC_OPTIMIZATION_LEVEL = 0;
				GCC_PREPROCESSOR_DEFINITIONS = (
					"DEBUG=1",
					"$(inherited)",
				);
				GCC_WARN_64_TO_32_BIT_CONVERSION = YES;
				GCC_WARN_ABOUT_RETURN_TYPE = YES_ERROR;
				GCC_WARN_UNDECLARED_SELECTOR = YES;
				GCC_WARN_UNINITIALIZED_AUTOS = YES_AGGRESSIVE;
				GCC_WARN_UNUSED_FUNCTION = YES;
				GCC_WARN_UNUSED_VARIABLE = YES;
				LOCALIZATION_PREFERS_STRING_CATALOGS = YES;
				MTL_ENABLE_DEBUG_INFO = INCLUDE_SOURCE;
				MTL_FAST_MATH = YES;
				ONLY_ACTIVE_ARCH = YES;
				SDKROOT = xros;
				SWIFT_ACTIVE_COMPILATION_CONDITIONS = "DEBUG $(inherited)";
				SWIFT_OPTIMIZATION_LEVEL = "-Onone";
				XROS_DEPLOYMENT_TARGET = 1.0;
			};
			name = Debug;
		};
		C0704E3B2AD682D400C88461 /* Release */ = {
			isa = XCBuildConfiguration;
			buildSettings = {
				ALWAYS_SEARCH_USER_PATHS = NO;
				ASSETCATALOG_COMPILER_GENERATE_SWIFT_ASSET_SYMBOL_EXTENSIONS = YES;
				CLANG_ANALYZER_NONNULL = YES;
				CLANG_ANALYZER_NUMBER_OBJECT_CONVERSION = YES_AGGRESSIVE;
				CLANG_CXX_LANGUAGE_STANDARD = "gnu++20";
				CLANG_ENABLE_MODULES = YES;
				CLANG_ENABLE_OBJC_ARC = YES;
				CLANG_ENABLE_OBJC_WEAK = YES;
				CLANG_WARN_BLOCK_CAPTURE_AUTORELEASING = YES;
				CLANG_WARN_BOOL_CONVERSION = YES;
				CLANG_WARN_COMMA = YES;
				CLANG_WARN_CONSTANT_CONVERSION = YES;
				CLANG_WARN_DEPRECATED_OBJC_IMPLEMENTATIONS = YES;
				CLANG_WARN_DIRECT_OBJC_ISA_USAGE = YES_ERROR;
				CLANG_WARN_DOCUMENTATION_COMMENTS = YES;
				CLANG_WARN_EMPTY_BODY = YES;
				CLANG_WARN_ENUM_CONVERSION = YES;
				CLANG_WARN_INFINITE_RECURSION = YES;
				CLANG_WARN_INT_CONVERSION = YES;
				CLANG_WARN_NON_LITERAL_NULL_CONVERSION = YES;
				CLANG_WARN_OBJC_IMPLICIT_RETAIN_SELF = YES;
				CLANG_WARN_OBJC_LITERAL_CONVERSION = YES;
				CLANG_WARN_OBJC_ROOT_CLASS = YES_ERROR;
				CLANG_WARN_QUOTED_INCLUDE_IN_FRAMEWORK_HEADER = YES;
				CLANG_WARN_RANGE_LOOP_ANALYSIS = YES;
				CLANG_WARN_STRICT_PROTOTYPES = YES;
				CLANG_WARN_SUSPICIOUS_MOVE = YES;
				CLANG_WARN_UNGUARDED_AVAILABILITY = YES_AGGRESSIVE;
				CLANG_WARN_UNREACHABLE_CODE = YES;
				CLANG_WARN__DUPLICATE_METHOD_MATCH = YES;
				COPY_PHASE_STRIP = NO;
				DEBUG_INFORMATION_FORMAT = "dwarf-with-dsym";
				ENABLE_NS_ASSERTIONS = NO;
				ENABLE_STRICT_OBJC_MSGSEND = YES;
				ENABLE_USER_SCRIPT_SANDBOXING = YES;
				GCC_C_LANGUAGE_STANDARD = gnu17;
				GCC_NO_COMMON_BLOCKS = YES;
				GCC_WARN_64_TO_32_BIT_CONVERSION = YES;
				GCC_WARN_ABOUT_RETURN_TYPE = YES_ERROR;
				GCC_WARN_UNDECLARED_SELECTOR = YES;
				GCC_WARN_UNINITIALIZED_AUTOS = YES_AGGRESSIVE;
				GCC_WARN_UNUSED_FUNCTION = YES;
				GCC_WARN_UNUSED_VARIABLE = YES;
				LOCALIZATION_PREFERS_STRING_CATALOGS = YES;
				MTL_ENABLE_DEBUG_INFO = NO;
				MTL_FAST_MATH = YES;
				SDKROOT = xros;
				SWIFT_COMPILATION_MODE = wholemodule;
				VALIDATE_PRODUCT = YES;
				XROS_DEPLOYMENT_TARGET = 1.0;
			};
			name = Release;
		};
		C0704E3D2AD682D400C88461 /* Debug */ = {
			isa = XCBuildConfiguration;
			buildSettings = {
				ASSETCATALOG_COMPILER_APPICON_NAME = AppIcon;
				ASSETCATALOG_COMPILER_GLOBAL_ACCENT_COLOR_NAME = AccentColor;
				CODE_SIGN_STYLE = Automatic;
				CURRENT_PROJECT_VERSION = 1;
				DEVELOPMENT_ASSET_PATHS = "\"Skybox Test/Preview Content\"";
				DEVELOPMENT_TEAM = AHLML969C8;
				ENABLE_PREVIEWS = YES;
				GENERATE_INFOPLIST_FILE = YES;
				INFOPLIST_FILE = "$(TARGET_NAME)/Info.plist";
				LD_RUNPATH_SEARCH_PATHS = (
					"$(inherited)",
					"@executable_path/Frameworks",
				);
				MARKETING_VERSION = 1.0;
				PRODUCT_BUNDLE_IDENTIFIER = "com.github.davidmahbubi.Skybox-Test";
				PRODUCT_NAME = "$(TARGET_NAME)";
				SUPPORTED_PLATFORMS = "xros xrsimulator";
				SWIFT_EMIT_LOC_STRINGS = YES;
				SWIFT_VERSION = 5.0;
				TARGETED_DEVICE_FAMILY = "1,2,7";
			};
			name = Debug;
		};
		C0704E3E2AD682D400C88461 /* Release */ = {
			isa = XCBuildConfiguration;
			buildSettings = {
				ASSETCATALOG_COMPILER_APPICON_NAME = AppIcon;
				ASSETCATALOG_COMPILER_GLOBAL_ACCENT_COLOR_NAME = AccentColor;
				CODE_SIGN_STYLE = Automatic;
				CURRENT_PROJECT_VERSION = 1;
				DEVELOPMENT_ASSET_PATHS = "\"Skybox Test/Preview Content\"";
				DEVELOPMENT_TEAM = AHLML969C8;
				ENABLE_PREVIEWS = YES;
				GENERATE_INFOPLIST_FILE = YES;
				INFOPLIST_FILE = "$(TARGET_NAME)/Info.plist";
				LD_RUNPATH_SEARCH_PATHS = (
					"$(inherited)",
					"@executable_path/Frameworks",
				);
				MARKETING_VERSION = 1.0;
				PRODUCT_BUNDLE_IDENTIFIER = "com.github.davidmahbubi.Skybox-Test";
				PRODUCT_NAME = "$(TARGET_NAME)";
				SUPPORTED_PLATFORMS = "xros xrsimulator";
				SWIFT_EMIT_LOC_STRINGS = YES;
				SWIFT_VERSION = 5.0;
				TARGETED_DEVICE_FAMILY = "1,2,7";
			};
			name = Release;
		};
/* End XCBuildConfiguration section */

/* Begin XCConfigurationList section */
		C0704E202AD682D200C88461 /* Build configuration list for PBXProject "Skybox Test" */ = {
			isa = XCConfigurationList;
			buildConfigurations = (
				C0704E3A2AD682D400C88461 /* Debug */,
				C0704E3B2AD682D400C88461 /* Release */,
			);
			defaultConfigurationIsVisible = 0;
			defaultConfigurationName = Release;
		};
		C0704E3C2AD682D400C88461 /* Build configuration list for PBXNativeTarget "Skybox Test" */ = {
			isa = XCConfigurationList;
			buildConfigurations = (
				C0704E3D2AD682D400C88461 /* Debug */,
				C0704E3E2AD682D400C88461 /* Release */,
			);
			defaultConfigurationIsVisible = 0;
			defaultConfigurationName = Release;
		};
/* End XCConfigurationList section */

/* Begin XCSwiftPackageProductDependency section */
		C0704E2A2AD682D200C88461 /* RealityKitContent */ = {
			isa = XCSwiftPackageProductDependency;
			productName = RealityKitContent;
		};
/* End XCSwiftPackageProductDependency section */
	};
	rootObject = C0704E1D2AD682D200C88461 /* Project object */;
}
